// !$*UTF8*$!
{
	archiveVersion = 1;
	classes = {
	};
	objectVersion = 48;
	objects = {

/* Begin PBXBuildFile section */
		18350BC12259D48500B53F57 /* AppDelegate.m in Sources */ = {isa = PBXBuildFile; fileRef = 18350BC02259D48500B53F57 /* AppDelegate.m */; };
		18350BC42259D48500B53F57 /* ViewController.m in Sources */ = {isa = PBXBuildFile; fileRef = 18350BC32259D48500B53F57 /* ViewController.m */; };
		18350BC72259D48500B53F57 /* Main.storyboard in Resources */ = {isa = PBXBuildFile; fileRef = 18350BC52259D48500B53F57 /* Main.storyboard */; };
		18350BCA2259D48500B53F57 /* test13.xcdatamodeld in Sources */ = {isa = PBXBuildFile; fileRef = 18350BC82259D48500B53F57 /* test13.xcdatamodeld */; };
		18350BCC2259D48500B53F57 /* Assets.xcassets in Resources */ = {isa = PBXBuildFile; fileRef = 18350BCB2259D48500B53F57 /* Assets.xcassets */; };
		18350BCF2259D48500B53F57 /* LaunchScreen.storyboard in Resources */ = {isa = PBXBuildFile; fileRef = 18350BCD2259D48500B53F57 /* LaunchScreen.storyboard */; };
		18350BD22259D48500B53F57 /* main.m in Sources */ = {isa = PBXBuildFile; fileRef = 18350BD12259D48500B53F57 /* main.m */; };
		18350BDC2259D48500B53F57 /* test13Tests.m in Sources */ = {isa = PBXBuildFile; fileRef = 18350BDB2259D48500B53F57 /* test13Tests.m */; };
		18350BE72259D48500B53F57 /* test13UITests.m in Sources */ = {isa = PBXBuildFile; fileRef = 18350BE62259D48500B53F57 /* test13UITests.m */; };
/* End PBXBuildFile section */

/* Begin PBXContainerItemProxy section */
		18350BD82259D48500B53F57 /* PBXContainerItemProxy */ = {
			isa = PBXContainerItemProxy;
			containerPortal = 18350BB42259D48500B53F57 /* Project object */;
			proxyType = 1;
			remoteGlobalIDString = 18350BBB2259D48500B53F57;
			remoteInfo = test13;
		};
		18350BE32259D48500B53F57 /* PBXContainerItemProxy */ = {
			isa = PBXContainerItemProxy;
			containerPortal = 18350BB42259D48500B53F57 /* Project object */;
			proxyType = 1;
			remoteGlobalIDString = 18350BBB2259D48500B53F57;
			remoteInfo = test13;
		};
/* End PBXContainerItemProxy section */

/* Begin PBXFileReference section */
		18350BBC2259D48500B53F57 /* test13.app */ = {isa = PBXFileReference; explicitFileType = wrapper.application; includeInIndex = 0; path = test13.app; sourceTree = BUILT_PRODUCTS_DIR; };
		18350BBF2259D48500B53F57 /* AppDelegate.h */ = {isa = PBXFileReference; lastKnownFileType = sourcecode.c.h; path = AppDelegate.h; sourceTree = "<group>"; };
		18350BC02259D48500B53F57 /* AppDelegate.m */ = {isa = PBXFileReference; lastKnownFileType = sourcecode.c.objc; path = AppDelegate.m; sourceTree = "<group>"; };
		18350BC22259D48500B53F57 /* ViewController.h */ = {isa = PBXFileReference; lastKnownFileType = sourcecode.c.h; path = ViewController.h; sourceTree = "<group>"; };
		18350BC32259D48500B53F57 /* ViewController.m */ = {isa = PBXFileReference; lastKnownFileType = sourcecode.c.objc; path = ViewController.m; sourceTree = "<group>"; };
		18350BC62259D48500B53F57 /* Base */ = {isa = PBXFileReference; lastKnownFileType = file.storyboard; name = Base; path = Base.lproj/Main.storyboard; sourceTree = "<group>"; };
		18350BC92259D48500B53F57 /* test13.xcdatamodel */ = {isa = PBXFileReference; lastKnownFileType = wrapper.xcdatamodel; path = test13.xcdatamodel; sourceTree = "<group>"; };
		18350BCB2259D48500B53F57 /* Assets.xcassets */ = {isa = PBXFileReference; lastKnownFileType = folder.assetcatalog; path = Assets.xcassets; sourceTree = "<group>"; };
		18350BCE2259D48500B53F57 /* Base */ = {isa = PBXFileReference; lastKnownFileType = file.storyboard; name = Base; path = Base.lproj/LaunchScreen.storyboard; sourceTree = "<group>"; };
		18350BD02259D48500B53F57 /* Info.plist */ = {isa = PBXFileReference; lastKnownFileType = text.plist.xml; path = Info.plist; sourceTree = "<group>"; };
		18350BD12259D48500B53F57 /* main.m */ = {isa = PBXFileReference; lastKnownFileType = sourcecode.c.objc; path = main.m; sourceTree = "<group>"; };
		18350BD72259D48500B53F57 /* test13Tests.xctest */ = {isa = PBXFileReference; explicitFileType = wrapper.cfbundle; includeInIndex = 0; path = test13Tests.xctest; sourceTree = BUILT_PRODUCTS_DIR; };
		18350BDB2259D48500B53F57 /* test13Tests.m */ = {isa = PBXFileReference; lastKnownFileType = sourcecode.c.objc; path = test13Tests.m; sourceTree = "<group>"; };
		18350BDD2259D48500B53F57 /* Info.plist */ = {isa = PBXFileReference; lastKnownFileType = text.plist.xml; path = Info.plist; sourceTree = "<group>"; };
		18350BE22259D48500B53F57 /* test13UITests.xctest */ = {isa = PBXFileReference; explicitFileType = wrapper.cfbundle; includeInIndex = 0; path = test13UITests.xctest; sourceTree = BUILT_PRODUCTS_DIR; };
		18350BE62259D48500B53F57 /* test13UITests.m */ = {isa = PBXFileReference; lastKnownFileType = sourcecode.c.objc; path = test13UITests.m; sourceTree = "<group>"; };
		18350BE82259D48500B53F57 /* Info.plist */ = {isa = PBXFileReference; lastKnownFileType = text.plist.xml; path = Info.plist; sourceTree = "<group>"; };
/* End PBXFileReference section */

/* Begin PBXFrameworksBuildPhase section */
		18350BB92259D48500B53F57 /* Frameworks */ = {
			isa = PBXFrameworksBuildPhase;
			buildActionMask = 2147483647;
			files = (
			);
			runOnlyForDeploymentPostprocessing = 0;
		};
		18350BD42259D48500B53F57 /* Frameworks */ = {
			isa = PBXFrameworksBuildPhase;
			buildActionMask = 2147483647;
			files = (
			);
			runOnlyForDeploymentPostprocessing = 0;
		};
		18350BDF2259D48500B53F57 /* Frameworks */ = {
			isa = PBXFrameworksBuildPhase;
			buildActionMask = 2147483647;
			files = (
			);
			runOnlyForDeploymentPostprocessing = 0;
		};
/* End PBXFrameworksBuildPhase section */

/* Begin PBXGroup section */
		18350BB32259D48500B53F57 = {
			isa = PBXGroup;
			children = (
				18350BBE2259D48500B53F57 /* test13 */,
				18350BDA2259D48500B53F57 /* test13Tests */,
				18350BE52259D48500B53F57 /* test13UITests */,
				18350BBD2259D48500B53F57 /* Products */,
			);
			sourceTree = "<group>";
		};
		18350BBD2259D48500B53F57 /* Products */ = {
			isa = PBXGroup;
			children = (
				18350BBC2259D48500B53F57 /* test13.app */,
				18350BD72259D48500B53F57 /* test13Tests.xctest */,
				18350BE22259D48500B53F57 /* test13UITests.xctest */,
			);
			name = Products;
			sourceTree = "<group>";
		};
		18350BBE2259D48500B53F57 /* test13 */ = {
			isa = PBXGroup;
			children = (
				18350BBF2259D48500B53F57 /* AppDelegate.h */,
				18350BC02259D48500B53F57 /* AppDelegate.m */,
				18350BC22259D48500B53F57 /* ViewController.h */,
				18350BC32259D48500B53F57 /* ViewController.m */,
				18350BC52259D48500B53F57 /* Main.storyboard */,
				18350BCB2259D48500B53F57 /* Assets.xcassets */,
				18350BCD2259D48500B53F57 /* LaunchScreen.storyboard */,
				18350BD02259D48500B53F57 /* Info.plist */,
				18350BD12259D48500B53F57 /* main.m */,
				18350BC82259D48500B53F57 /* test13.xcdatamodeld */,
			);
			path = test13;
			sourceTree = "<group>";
		};
		18350BDA2259D48500B53F57 /* test13Tests */ = {
			isa = PBXGroup;
			children = (
				18350BDB2259D48500B53F57 /* test13Tests.m */,
				18350BDD2259D48500B53F57 /* Info.plist */,
			);
			path = test13Tests;
			sourceTree = "<group>";
		};
		18350BE52259D48500B53F57 /* test13UITests */ = {
			isa = PBXGroup;
			children = (
				18350BE62259D48500B53F57 /* test13UITests.m */,
				18350BE82259D48500B53F57 /* Info.plist */,
			);
			path = test13UITests;
			sourceTree = "<group>";
		};
/* End PBXGroup section */

/* Begin PBXNativeTarget section */
		18350BBB2259D48500B53F57 /* test13 */ = {
			isa = PBXNativeTarget;
			buildConfigurationList = 18350BEB2259D48500B53F57 /* Build configuration list for PBXNativeTarget "test13" */;
			buildPhases = (
				18350BB82259D48500B53F57 /* Sources */,
				18350BB92259D48500B53F57 /* Frameworks */,
				18350BBA2259D48500B53F57 /* Resources */,
			);
			buildRules = (
			);
			dependencies = (
			);
			name = test13;
			productName = test13;
			productReference = 18350BBC2259D48500B53F57 /* test13.app */;
			productType = "com.apple.product-type.application";
		};
		18350BD62259D48500B53F57 /* test13Tests */ = {
			isa = PBXNativeTarget;
			buildConfigurationList = 18350BEE2259D48500B53F57 /* Build configuration list for PBXNativeTarget "test13Tests" */;
			buildPhases = (
				18350BD32259D48500B53F57 /* Sources */,
				18350BD42259D48500B53F57 /* Frameworks */,
				18350BD52259D48500B53F57 /* Resources */,
			);
			buildRules = (
			);
			dependencies = (
				18350BD92259D48500B53F57 /* PBXTargetDependency */,
			);
			name = test13Tests;
			productName = test13Tests;
			productReference = 18350BD72259D48500B53F57 /* test13Tests.xctest */;
			productType = "com.apple.product-type.bundle.unit-test";
		};
		18350BE12259D48500B53F57 /* test13UITests */ = {
			isa = PBXNativeTarget;
			buildConfigurationList = 18350BF12259D48500B53F57 /* Build configuration list for PBXNativeTarget "test13UITests" */;
			buildPhases = (
				18350BDE2259D48500B53F57 /* Sources */,
				18350BDF2259D48500B53F57 /* Frameworks */,
				18350BE02259D48500B53F57 /* Resources */,
			);
			buildRules = (
			);
			dependencies = (
				18350BE42259D48500B53F57 /* PBXTargetDependency */,
			);
			name = test13UITests;
			productName = test13UITests;
			productReference = 18350BE22259D48500B53F57 /* test13UITests.xctest */;
			productType = "com.apple.product-type.bundle.ui-testing";
		};
/* End PBXNativeTarget section */

/* Begin PBXProject section */
		18350BB42259D48500B53F57 /* Project object */ = {
			isa = PBXProject;
			attributes = {
				LastUpgradeCheck = 0920;
				ORGANIZATIONNAME = apple;
				TargetAttributes = {
					18350BBB2259D48500B53F57 = {
						CreatedOnToolsVersion = 9.2;
						ProvisioningStyle = Automatic;
					};
					18350BD62259D48500B53F57 = {
						CreatedOnToolsVersion = 9.2;
						ProvisioningStyle = Automatic;
						TestTargetID = 18350BBB2259D48500B53F57;
					};
					18350BE12259D48500B53F57 = {
						CreatedOnToolsVersion = 9.2;
						ProvisioningStyle = Automatic;
						TestTargetID = 18350BBB2259D48500B53F57;
					};
				};
			};
			buildConfigurationList = 18350BB72259D48500B53F57 /* Build configuration list for PBXProject "test13" */;
			compatibilityVersion = "Xcode 8.0";
			developmentRegion = en;
			hasScannedForEncodings = 0;
			knownRegions = (
				en,
				Base,
			);
			mainGroup = 18350BB32259D48500B53F57;
			productRefGroup = 18350BBD2259D48500B53F57 /* Products */;
			projectDirPath = "";
			projectRoot = "";
			targets = (
				18350BBB2259D48500B53F57 /* test13 */,
				18350BD62259D48500B53F57 /* test13Tests */,
				18350BE12259D48500B53F57 /* test13UITests */,
			);
		};
/* End PBXProject section */

/* Begin PBXResourcesBuildPhase section */
		18350BBA2259D48500B53F57 /* Resources */ = {
			isa = PBXResourcesBuildPhase;
			buildActionMask = 2147483647;
			files = (
				18350BCF2259D48500B53F57 /* LaunchScreen.storyboard in Resources */,
				18350BCC2259D48500B53F57 /* Assets.xcassets in Resources */,
				18350BC72259D48500B53F57 /* Main.storyboard in Resources */,
			);
			runOnlyForDeploymentPostprocessing = 0;
		};
		18350BD52259D48500B53F57 /* Resources */ = {
			isa = PBXResourcesBuildPhase;
			buildActionMask = 2147483647;
			files = (
			);
			runOnlyForDeploymentPostprocessing = 0;
		};
		18350BE02259D48500B53F57 /* Resources */ = {
			isa = PBXResourcesBuildPhase;
			buildActionMask = 2147483647;
			files = (
			);
			runOnlyForDeploymentPostprocessing = 0;
		};
/* End PBXResourcesBuildPhase section */

/* Begin PBXSourcesBuildPhase section */
		18350BB82259D48500B53F57 /* Sources */ = {
			isa = PBXSourcesBuildPhase;
			buildActionMask = 2147483647;
			files = (
				18350BC42259D48500B53F57 /* ViewController.m in Sources */,
				18350BC12259D48500B53F57 /* AppDelegate.m in Sources */,
				18350BD22259D48500B53F57 /* main.m in Sources */,
				18350BCA2259D48500B53F57 /* test13.xcdatamodeld in Sources */,
			);
			runOnlyForDeploymentPostprocessing = 0;
		};
		18350BD32259D48500B53F57 /* Sources */ = {
			isa = PBXSourcesBuildPhase;
			buildActionMask = 2147483647;
			files = (
				18350BDC2259D48500B53F57 /* test13Tests.m in Sources */,
			);
			runOnlyForDeploymentPostprocessing = 0;
		};
		18350BDE2259D48500B53F57 /* Sources */ = {
			isa = PBXSourcesBuildPhase;
			buildActionMask = 2147483647;
			files = (
				18350BE72259D48500B53F57 /* test13UITests.m in Sources */,
			);
			runOnlyForDeploymentPostprocessing = 0;
		};
/* End PBXSourcesBuildPhase section */

/* Begin PBXTargetDependency section */
		18350BD92259D48500B53F57 /* PBXTargetDependency */ = {
			isa = PBXTargetDependency;
			target = 18350BBB2259D48500B53F57 /* test13 */;
			targetProxy = 18350BD82259D48500B53F57 /* PBXContainerItemProxy */;
		};
		18350BE42259D48500B53F57 /* PBXTargetDependency */ = {
			isa = PBXTargetDependency;
			target = 18350BBB2259D48500B53F57 /* test13 */;
			targetProxy = 18350BE32259D48500B53F57 /* PBXContainerItemProxy */;
		};
/* End PBXTargetDependency section */

/* Begin PBXVariantGroup section */
		18350BC52259D48500B53F57 /* Main.storyboard */ = {
			isa = PBXVariantGroup;
			children = (
				18350BC62259D48500B53F57 /* Base */,
			);
			name = Main.storyboard;
			sourceTree = "<group>";
		};
		18350BCD2259D48500B53F57 /* LaunchScreen.storyboard */ = {
			isa = PBXVariantGroup;
			children = (
				18350BCE2259D48500B53F57 /* Base */,
			);
			name = LaunchScreen.storyboard;
			sourceTree = "<group>";
		};
/* End PBXVariantGroup section */

/* Begin XCBuildConfiguration section */
		18350BE92259D48500B53F57 /* Debug */ = {
			isa = XCBuildConfiguration;
			buildSettings = {
				ALWAYS_SEARCH_USER_PATHS = NO;
				CLANG_ANALYZER_NONNULL = YES;
				CLANG_ANALYZER_NUMBER_OBJECT_CONVERSION = YES_AGGRESSIVE;
				CLANG_CXX_LANGUAGE_STANDARD = "gnu++14";
				CLANG_CXX_LIBRARY = "libc++";
				CLANG_ENABLE_MODULES = YES;
				CLANG_ENABLE_OBJC_ARC = YES;
				CLANG_WARN_BLOCK_CAPTURE_AUTORELEASING = YES;
				CLANG_WARN_BOOL_CONVERSION = YES;
				CLANG_WARN_COMMA = YES;
				CLANG_WARN_CONSTANT_CONVERSION = YES;
				CLANG_WARN_DIRECT_OBJC_ISA_USAGE = YES_ERROR;
				CLANG_WARN_DOCUMENTATION_COMMENTS = YES;
				CLANG_WARN_EMPTY_BODY = YES;
				CLANG_WARN_ENUM_CONVERSION = YES;
				CLANG_WARN_INFINITE_RECURSION = YES;
				CLANG_WARN_INT_CONVERSION = YES;
				CLANG_WARN_NON_LITERAL_NULL_CONVERSION = YES;
				CLANG_WARN_OBJC_LITERAL_CONVERSION = YES;
				CLANG_WARN_OBJC_ROOT_CLASS = YES_ERROR;
				CLANG_WARN_RANGE_LOOP_ANALYSIS = YES;
				CLANG_WARN_STRICT_PROTOTYPES = YES;
				CLANG_WARN_SUSPICIOUS_MOVE = YES;
				CLANG_WARN_UNGUARDED_AVAILABILITY = YES_AGGRESSIVE;
				CLANG_WARN_UNREACHABLE_CODE = YES;
				CLANG_WARN__DUPLICATE_METHOD_MATCH = YES;
				CODE_SIGN_IDENTITY = "iPhone Developer";
				COPY_PHASE_STRIP = NO;
				DEBUG_INFORMATION_FORMAT = dwarf;
				ENABLE_STRICT_OBJC_MSGSEND = YES;
				ENABLE_TESTABILITY = YES;
				GCC_C_LANGUAGE_STANDARD = gnu11;
				GCC_DYNAMIC_NO_PIC = NO;
				GCC_NO_COMMON_BLOCKS = YES;
				GCC_OPTIMIZATION_LEVEL = 0;
				GCC_PREPROCESSOR_DEFINITIONS = (
					"DEBUG=1",
					"$(inherited)",
				);
				GCC_WARN_64_TO_32_BIT_CONVERSION = YES;
				GCC_WARN_ABOUT_RETURN_TYPE = YES_ERROR;
				GCC_WARN_UNDECLARED_SELECTOR = YES;
				GCC_WARN_UNINITIALIZED_AUTOS = YES_AGGRESSIVE;
				GCC_WARN_UNUSED_FUNCTION = YES;
				GCC_WARN_UNUSED_VARIABLE = YES;
				IPHONEOS_DEPLOYMENT_TARGET = 11.2;
				MTL_ENABLE_DEBUG_INFO = YES;
				ONLY_ACTIVE_ARCH = YES;
				SDKROOT = iphoneos;
			};
			name = Debug;
		};
		18350BEA2259D48500B53F57 /* Release */ = {
			isa = XCBuildConfiguration;
			buildSettings = {
				ALWAYS_SEARCH_USER_PATHS = NO;
				CLANG_ANALYZER_NONNULL = YES;
				CLANG_ANALYZER_NUMBER_OBJECT_CONVERSION = YES_AGGRESSIVE;
				CLANG_CXX_LANGUAGE_STANDARD = "gnu++14";
				CLANG_CXX_LIBRARY = "libc++";
				CLANG_ENABLE_MODULES = YES;
				CLANG_ENABLE_OBJC_ARC = YES;
				CLANG_WARN_BLOCK_CAPTURE_AUTORELEASING = YES;
				CLANG_WARN_BOOL_CONVERSION = YES;
				CLANG_WARN_COMMA = YES;
				CLANG_WARN_CONSTANT_CONVERSION = YES;
				CLANG_WARN_DIRECT_OBJC_ISA_USAGE = YES_ERROR;
				CLANG_WARN_DOCUMENTATION_COMMENTS = YES;
				CLANG_WARN_EMPTY_BODY = YES;
				CLANG_WARN_ENUM_CONVERSION = YES;
				CLANG_WARN_INFINITE_RECURSION = YES;
				CLANG_WARN_INT_CONVERSION = YES;
				CLANG_WARN_NON_LITERAL_NULL_CONVERSION = YES;
				CLANG_WARN_OBJC_LITERAL_CONVERSION = YES;
				CLANG_WARN_OBJC_ROOT_CLASS = YES_ERROR;
				CLANG_WARN_RANGE_LOOP_ANALYSIS = YES;
				CLANG_WARN_STRICT_PROTOTYPES = YES;
				CLANG_WARN_SUSPICIOUS_MOVE = YES;
				CLANG_WARN_UNGUARDED_AVAILABILITY = YES_AGGRESSIVE;
				CLANG_WARN_UNREACHABLE_CODE = YES;
				CLANG_WARN__DUPLICATE_METHOD_MATCH = YES;
				CODE_SIGN_IDENTITY = "iPhone Developer";
				COPY_PHASE_STRIP = NO;
				DEBUG_INFORMATION_FORMAT = "dwarf-with-dsym";
				ENABLE_NS_ASSERTIONS = NO;
				ENABLE_STRICT_OBJC_MSGSEND = YES;
				GCC_C_LANGUAGE_STANDARD = gnu11;
				GCC_NO_COMMON_BLOCKS = YES;
				GCC_WARN_64_TO_32_BIT_CONVERSION = YES;
				GCC_WARN_ABOUT_RETURN_TYPE = YES_ERROR;
				GCC_WARN_UNDECLARED_SELECTOR = YES;
				GCC_WARN_UNINITIALIZED_AUTOS = YES_AGGRESSIVE;
				GCC_WARN_UNUSED_FUNCTION = YES;
				GCC_WARN_UNUSED_VARIABLE = YES;
				IPHONEOS_DEPLOYMENT_TARGET = 11.2;
				MTL_ENABLE_DEBUG_INFO = NO;
				SDKROOT = iphoneos;
				VALIDATE_PRODUCT = YES;
			};
			name = Release;
		};
		18350BEC2259D48500B53F57 /* Debug */ = {
			isa = XCBuildConfiguration;
			buildSettings = {
				ASSETCATALOG_COMPILER_APPICON_NAME = AppIcon;
				CODE_SIGN_STYLE = Automatic;
				DEVELOPMENT_TEAM = HYF6G62N4D;
				INFOPLIST_FILE = test13/Info.plist;
				LD_RUNPATH_SEARCH_PATHS = "$(inherited) @executable_path/Frameworks";
				PRODUCT_BUNDLE_IDENTIFIER = apple.test13;
				PRODUCT_NAME = "$(TARGET_NAME)";
				TARGETED_DEVICE_FAMILY = "1,2";
			};
			name = Debug;
		};
		18350BED2259D48500B53F57 /* Release */ = {
			isa = XCBuildConfiguration;
			buildSettings = {
				ASSETCATALOG_COMPILER_APPICON_NAME = AppIcon;
				CODE_SIGN_STYLE = Automatic;
				DEVELOPMENT_TEAM = HYF6G62N4D;
				INFOPLIST_FILE = test13/Info.plist;
				LD_RUNPATH_SEARCH_PATHS = "$(inherited) @executable_path/Frameworks";
				PRODUCT_BUNDLE_IDENTIFIER = apple.test13;
				PRODUCT_NAME = "$(TARGET_NAME)";
				TARGETED_DEVICE_FAMILY = "1,2";
			};
			name = Release;
		};
		18350BEF2259D48500B53F57 /* Debug */ = {
			isa = XCBuildConfiguration;
			buildSettings = {
				BUNDLE_LOADER = "$(TEST_HOST)";
				CODE_SIGN_STYLE = Automatic;
				DEVELOPMENT_TEAM = HYF6G62N4D;
				INFOPLIST_FILE = test13Tests/Info.plist;
				LD_RUNPATH_SEARCH_PATHS = "$(inherited) @executable_path/Frameworks @loader_path/Frameworks";
				PRODUCT_BUNDLE_IDENTIFIER = apple.test13Tests;
				PRODUCT_NAME = "$(TARGET_NAME)";
				TARGETED_DEVICE_FAMILY = "1,2";
				TEST_HOST = "$(BUILT_PRODUCTS_DIR)/test13.app/test13";
			};
			name = Debug;
		};
		18350BF02259D48500B53F57 /* Release */ = {
			isa = XCBuildConfiguration;
			buildSettings = {
				BUNDLE_LOADER = "$(TEST_HOST)";
				CODE_SIGN_STYLE = Automatic;
				DEVELOPMENT_TEAM = HYF6G62N4D;
				INFOPLIST_FILE = test13Tests/Info.plist;
				LD_RUNPATH_SEARCH_PATHS = "$(inherited) @executable_path/Frameworks @loader_path/Frameworks";
				PRODUCT_BUNDLE_IDENTIFIER = apple.test13Tests;
				PRODUCT_NAME = "$(TARGET_NAME)";
				TARGETED_DEVICE_FAMILY = "1,2";
				TEST_HOST = "$(BUILT_PRODUCTS_DIR)/test13.app/test13";
			};
			name = Release;
		};
		18350BF22259D48500B53F57 /* Debug */ = {
			isa = XCBuildConfiguration;
			buildSettings = {
				CODE_SIGN_STYLE = Automatic;
				DEVELOPMENT_TEAM = HYF6G62N4D;
				INFOPLIST_FILE = test13UITests/Info.plist;
				LD_RUNPATH_SEARCH_PATHS = "$(inherited) @executable_path/Frameworks @loader_path/Frameworks";
				PRODUCT_BUNDLE_IDENTIFIER = apple.test13UITests;
				PRODUCT_NAME = "$(TARGET_NAME)";
				TARGETED_DEVICE_FAMILY = "1,2";
				TEST_TARGET_NAME = test13;
			};
			name = Debug;
		};
		18350BF32259D48500B53F57 /* Release */ = {
			isa = XCBuildConfiguration;
			buildSettings = {
				CODE_SIGN_STYLE = Automatic;
				DEVELOPMENT_TEAM = HYF6G62N4D;
				INFOPLIST_FILE = test13UITests/Info.plist;
				LD_RUNPATH_SEARCH_PATHS = "$(inherited) @executable_path/Frameworks @loader_path/Frameworks";
				PRODUCT_BUNDLE_IDENTIFIER = apple.test13UITests;
				PRODUCT_NAME = "$(TARGET_NAME)";
				TARGETED_DEVICE_FAMILY = "1,2";
				TEST_TARGET_NAME = test13;
			};
			name = Release;
		};
/* End XCBuildConfiguration section */

/* Begin XCConfigurationList section */
		18350BB72259D48500B53F57 /* Build configuration list for PBXProject "test13" */ = {
			isa = XCConfigurationList;
			buildConfigurations = (
				18350BE92259D48500B53F57 /* Debug */,
				18350BEA2259D48500B53F57 /* Release */,
			);
			defaultConfigurationIsVisible = 0;
			defaultConfigurationName = Release;
		};
		18350BEB2259D48500B53F57 /* Build configuration list for PBXNativeTarget "test13" */ = {
			isa = XCConfigurationList;
			buildConfigurations = (
				18350BEC2259D48500B53F57 /* Debug */,
				18350BED2259D48500B53F57 /* Release */,
			);
			defaultConfigurationIsVisible = 0;
			defaultConfigurationName = Release;
		};
		18350BEE2259D48500B53F57 /* Build configuration list for PBXNativeTarget "test13Tests" */ = {
			isa = XCConfigurationList;
			buildConfigurations = (
				18350BEF2259D48500B53F57 /* Debug */,
				18350BF02259D48500B53F57 /* Release */,
			);
			defaultConfigurationIsVisible = 0;
			defaultConfigurationName = Release;
		};
		18350BF12259D48500B53F57 /* Build configuration list for PBXNativeTarget "test13UITests" */ = {
			isa = XCConfigurationList;
			buildConfigurations = (
				18350BF22259D48500B53F57 /* Debug */,
				18350BF32259D48500B53F57 /* Release */,
			);
			defaultConfigurationIsVisible = 0;
			defaultConfigurationName = Release;
		};
/* End XCConfigurationList section */

/* Begin XCVersionGroup section */
		18350BC82259D48500B53F57 /* test13.xcdatamodeld */ = {
			isa = XCVersionGroup;
			children = (
				18350BC92259D48500B53F57 /* test13.xcdatamodel */,
			);
			currentVersion = 18350BC92259D48500B53F57 /* test13.xcdatamodel */;
			path = test13.xcdatamodeld;
			sourceTree = "<group>";
			versionGroupType = wrapper.xcdatamodel;
		};
/* End XCVersionGroup section */
	};
	rootObject = 18350BB42259D48500B53F57 /* Project object */;
}
